
Microsoft Visual Studio Solution File, Format Version 12.00
# Visual Studio Version 17
VisualStudioVersion = 17.1.32319.34
MinimumVisualStudioVersion = 10.0.40219.1
Project("{FAE04EC0-301F-11D3-BF4B-00C04F79EFBC}") = "CabInvoiceGenerator", "CabInvoiceGenerator.csproj", "{9E1E5207-1F16-4635-8A93-0CD52AC78646}"
EndProject
Project("{FAE04EC0-301F-11D3-BF4B-00C04F79EFBC}") = "InvoiceTest", "..\InvoiceTest\InvoiceTest.csproj", "{B78B1760-72B7-45C2-8415-C4AC8EFA9EB0}"
EndProject
Global
	GlobalSection(SolutionConfigurationPlatforms) = preSolution
		Debug|Any CPU = Debug|Any CPU
		Release|Any CPU = Release|Any CPU
	EndGlobalSection
	GlobalSection(ProjectConfigurationPlatforms) = postSolution
		{9E1E5207-1F16-4635-8A93-0CD52AC78646}.Debug|Any CPU.ActiveCfg = Debug|Any CPU
		{9E1E5207-1F16-4635-8A93-0CD52AC78646}.Debug|Any CPU.Build.0 = Debug|Any CPU
		{9E1E5207-1F16-4635-8A93-0CD52AC78646}.Release|Any CPU.ActiveCfg = Release|Any CPU
		{9E1E5207-1F16-4635-8A93-0CD52AC78646}.Release|Any CPU.Build.0 = Release|Any CPU
		{B78B1760-72B7-45C2-8415-C4AC8EFA9EB0}.Debug|Any CPU.ActiveCfg = Debug|Any CPU
		{B78B1760-72B7-45C2-8415-C4AC8EFA9EB0}.Debug|Any CPU.Build.0 = Debug|Any CPU
		{B78B1760-72B7-45C2-8415-C4AC8EFA9EB0}.Release|Any CPU.ActiveCfg = Release|Any CPU
		{B78B1760-72B7-45C2-8415-C4AC8EFA9EB0}.Release|Any CPU.Build.0 = Release|Any CPU
	EndGlobalSection
	GlobalSection(SolutionProperties) = preSolution
		HideSolutionNode = FALSE
	EndGlobalSection
	GlobalSection(ExtensibilityGlobals) = postSolution
		SolutionGuid = {D299555E-CDB8-4CF9-891B-051F5FFE9510}
	EndGlobalSection
EndGlobal
